<?xml version="1.0" encoding="utf-8"?>
<Project ToolsVersion="4.0" xmlns="http://schemas.microsoft.com/developer/msbuild/2003">
  <ItemGroup>
    <Filter Include="Source Files">
      <UniqueIdentifier>{4FC737F1-C7A5-4376-A066-2A32D752A2FF}</UniqueIdentifier>
      <Extensions>cpp;c;cc;cxx;def;odl;idl;hpj;bat;asm;asmx</Extensions>
    </Filter>
    <Filter Include="Header Files">
      <UniqueIdentifier>{93995380-89BD-4b04-88EB-625FBE52EBFB}</UniqueIdentifier>
      <Extensions>h;hpp;hxx;hm;inl;inc;xsd</Extensions>
    </Filter>
    <Filter Include="Resource Files">
      <UniqueIdentifier>{67DA6AB6-F800-4c08-8B7A-83BB121AAD01}</UniqueIdentifier>
      <Extensions>rc;ico;cur;bmp;dlg;rc2;rct;bin;rgs;gif;jpg;jpeg;jpe;resx;tiff;tif;png;wav;mfcribbon-ms</Extensions>
    </Filter>
    <Filter Include="Header Files\Easing">
      <UniqueIdentifier>{08c8bb90-9d89-4a63-8d54-fb4173a28a24}</UniqueIdentifier>
    </Filter>
    <Filter Include="Header Files\Custom">
      <UniqueIdentifier>{b72fe337-383f-48f5-bf88-0908e28c21c8}</UniqueIdentifier>
    </Filter>
  </ItemGroup>
  <ItemGroup>
    <None Include="..\..\..\theScript.ini">
      <Filter>Resource Files</Filter>
    </None>
  </ItemGroup>
  <ItemGroup>
    <Xml Include="..\..\..\DialogFonts.xml">
      <Filter>Resource Files</Filter>
    </Xml>
  </ItemGroup>
  <ItemGroup>
    <ClInclude Include="..\..\..\DialogueLoader.h">
      <Filter>Source Files</Filter>
    </ClInclude>
    <ClInclude Include="..\..\..\PennerEasing\Sine.h">
      <Filter>Header Files\Easing</Filter>
    </ClInclude>
    <ClInclude Include="..\..\..\PennerEasing\Quint.h">
      <Filter>Header Files\Easing</Filter>
    </ClInclude>
    <ClInclude Include="..\..\..\PennerEasing\Quart.h">
      <Filter>Header Files\Easing</Filter>
    </ClInclude>
    <ClInclude Include="..\..\..\PennerEasing\Quad.h">
      <Filter>Header Files\Easing</Filter>
    </ClInclude>
    <ClInclude Include="..\..\..\PennerEasing\Linear.h">
      <Filter>Header Files\Easing</Filter>
    </ClInclude>
    <ClInclude Include="..\..\..\PennerEasing\Expo.h">
      <Filter>Header Files\Easing</Filter>
    </ClInclude>
    <ClInclude Include="..\..\..\PennerEasing\Elastic.h">
      <Filter>Header Files\Easing</Filter>
    </ClInclude>
    <ClInclude Include="..\..\..\PennerEasing\Cubic.h">
      <Filter>Header Files\Easing</Filter>
    </ClInclude>
    <ClInclude Include="..\..\..\PennerEasing\Circ.h">
      <Filter>Header Files\Easing</Filter>
    </ClInclude>
    <ClInclude Include="..\..\..\PennerEasing\Bounce.h">
      <Filter>Header Files\Easing</Filter>
    </ClInclude>
    <ClInclude Include="..\..\..\PennerEasing\Back.h">
      <Filter>Header Files\Easing</Filter>
    </ClInclude>
    <ClInclude Include="..\..\..\TweenHandler.h">
      <Filter>Source Files</Filter>
    </ClInclude>
    <ClInclude Include="..\..\..\Component.h">
      <Filter>Source Files</Filter>
    </ClInclude>
    <ClInclude Include="..\..\..\DialogueBox.h">
      <Filter>Source Files</Filter>
    </ClInclude>
    <ClInclude Include="..\..\..\RenderWheel.h">
      <Filter>Source Files</Filter>
    </ClInclude>
    <ClInclude Include="..\..\..\Easing\Hover.h">
      <Filter>Header Files\Custom</Filter>
    </ClInclude>
    <ClInclude Include="..\..\..\Settings\Settings.h">
      <Filter>Header Files</Filter>
    </ClInclude>
    <ClInclude Include="..\..\..\Settings\Utility.h">
      <Filter>Header Files</Filter>
    </ClInclude>
    <ClInclude Include="..\..\..\Engine.h">
      <Filter>Source Files</Filter>
    </ClInclude>
    <ClInclude Include="..\..\..\Menu\IMenuItem.h">
      <Filter>Source Files</Filter>
    </ClInclude>
  </ItemGroup>
  <ItemGroup>
    <ClCompile Include="..\..\..\main.cpp">
      <Filter>Source Files</Filter>
    </ClCompile>
    <ClCompile Include="..\..\..\PennerEasing\Sine.cpp">
      <Filter>Header Files\Easing</Filter>
    </ClCompile>
    <ClCompile Include="..\..\..\PennerEasing\Quint.cpp">
      <Filter>Header Files\Easing</Filter>
    </ClCompile>
    <ClCompile Include="..\..\..\PennerEasing\Quart.cpp">
      <Filter>Header Files\Easing</Filter>
    </ClCompile>
    <ClCompile Include="..\..\..\PennerEasing\Quad.cpp">
      <Filter>Header Files\Easing</Filter>
    </ClCompile>
    <ClCompile Include="..\..\..\PennerEasing\Linear.cpp">
      <Filter>Header Files\Easing</Filter>
    </ClCompile>
    <ClCompile Include="..\..\..\PennerEasing\Expo.cpp">
      <Filter>Header Files\Easing</Filter>
    </ClCompile>
    <ClCompile Include="..\..\..\PennerEasing\Elastic.cpp">
      <Filter>Header Files\Easing</Filter>
    </ClCompile>
    <ClCompile Include="..\..\..\PennerEasing\Cubic.cpp">
      <Filter>Header Files\Easing</Filter>
    </ClCompile>
    <ClCompile Include="..\..\..\PennerEasing\Circ.cpp">
      <Filter>Header Files\Easing</Filter>
    </ClCompile>
    <ClCompile Include="..\..\..\PennerEasing\Bounce.cpp">
      <Filter>Header Files\Easing</Filter>
    </ClCompile>
    <ClCompile Include="..\..\..\PennerEasing\Back.cpp">
      <Filter>Header Files\Easing</Filter>
    </ClCompile>
    <ClCompile Include="..\..\..\health.cxx">
      <Filter>Source Files</Filter>
    </ClCompile>
    <ClCompile Include="..\..\..\word.cxx">
      <Filter>Source Files</Filter>
    </ClCompile>
    <ClCompile Include="..\..\..\TweenHandler.cxx">
      <Filter>Source Files</Filter>
    </ClCompile>
    <ClCompile Include="..\..\..\Component.cxx">
      <Filter>Source Files</Filter>
    </ClCompile>
    <ClCompile Include="..\..\..\DialogueBox.cxx">
      <Filter>Source Files</Filter>
    </ClCompile>
    <ClCompile Include="..\..\..\RenderWheel.cxx">
      <Filter>Source Files</Filter>
    </ClCompile>
    <ClCompile Include="..\..\..\Easing\Hover.cpp">
      <Filter>Header Files\Custom</Filter>
    </ClCompile>
    <ClCompile Include="..\..\..\Settings\Utility.cxx">
      <Filter>Header Files</Filter>
    </ClCompile>
    <ClCompile Include="..\..\..\Settings\Settings.cxx">
      <Filter>Header Files</Filter>
    </ClCompile>
    <ClCompile Include="..\..\..\Engine.cxx">
      <Filter>Source Files</Filter>
    </ClCompile>
    <ClCompile Include="Source.cpp">
      <Filter>Source Files</Filter>
    </ClCompile>
    <ClCompile Include="..\..\..\Menu\IMenuItem.cpp">
      <Filter>Source Files</Filter>
    </ClCompile>
  </ItemGroup>
</Project>